// !$*UTF8*$!
{
	archiveVersion = 1;
	classes = {
	};
	objectVersion = 77;
	objects = {

/* Begin PBXBuildFile section */
		09D79D5B6BA78A432B67B8EE /* SystemSettingsLauncher.swift in Sources */ = {isa = PBXBuildFile; fileRef = 90000A645CC050F3EA5A5423 /* SystemSettingsLauncher.swift */; };
		16F384659C22BBD6C13410C1 /* FreeDroidIPC in Frameworks */ = {isa = PBXBuildFile; productRef = 1A16527D7EDA256F7B079203 /* FreeDroidIPC */; };
		198FBB122A099C121E1D6676 /* FreeDroidData in Frameworks */ = {isa = PBXBuildFile; productRef = 08AE4C48FD3CEEAABD76116C /* FreeDroidData */; };
		1A4E6C644B4E039B72DC8D21 /* FreeDroidDomain in Frameworks */ = {isa = PBXBuildFile; productRef = C450EFCB07619067F9DD1302 /* FreeDroidDomain */; };
		2685A487F8A6CEE7CC1BECF5 /* XPCFileServerHandler.swift in Sources */ = {isa = PBXBuildFile; fileRef = 55E68DEE69A0A84E68D9FF2D /* XPCFileServerHandler.swift */; };
		2EBD1E01C9E2EAC77E93623E /* ContentView.swift in Sources */ = {isa = PBXBuildFile; fileRef = 4795F8F26599DDE1A0E94313 /* ContentView.swift */; };
		322226196FA96D8DA7A38633 /* FileBrowser in Frameworks */ = {isa = PBXBuildFile; productRef = 6416C4292B8B9A891E95320F /* FileBrowser */; };
		3278C3198C53F58DFACC10D6 /* FolderEnumerator.swift in Sources */ = {isa = PBXBuildFile; fileRef = A6A644786225C9D7F2AC18BB /* FolderEnumerator.swift */; };
		3642D7F759D3E49B1389B305 /* Transfer in Frameworks */ = {isa = PBXBuildFile; productRef = CBDC59F94B320EDB2516806E /* Transfer */; };
		477BD63C6959BFA726BBD190 /* FreeDroidProviderExtension.swift in Sources */ = {isa = PBXBuildFile; fileRef = 60243A85985D41334BD8D80B /* FreeDroidProviderExtension.swift */; };
		4ED5736673B2DCFAD20173F2 /* FinderRevealer.swift in Sources */ = {isa = PBXBuildFile; fileRef = 3BD6795936653DA5827425B0 /* FinderRevealer.swift */; };
		571A2059EF9FDE8A649743FD /* Gallery in Frameworks */ = {isa = PBXBuildFile; productRef = 594B36AD92E2239E5EE68DE7 /* Gallery */; };
		5B90DC5C67360A0823149427 /* FreeDroidUI in Frameworks */ = {isa = PBXBuildFile; productRef = AAD96F97F35314685AA84700 /* FreeDroidUI */; };
		622A4AD264A2354B10D4031F /* DeviceManagement in Frameworks */ = {isa = PBXBuildFile; productRef = 9CF0383DEAADEF9011398D98 /* DeviceManagement */; };
		66E51F384FC71689F16EC52B /* SettingsView.swift in Sources */ = {isa = PBXBuildFile; fileRef = A15915AB57BB54D1BB62C7AB /* SettingsView.swift */; };
		85DCC9E33545606122739AB2 /* FreeDroidApp.swift in Sources */ = {isa = PBXBuildFile; fileRef = 563F1FD007671E7BC7E2F8A5 /* FreeDroidApp.swift */; };
		96FFA2678FD6B93031A99491 /* FreeDroidProviderShared in Frameworks */ = {isa = PBXBuildFile; productRef = 178E5F95ADB92A55DBB8ECD0 /* FreeDroidProviderShared */; };
		A4B96B2AF74234A032AC8376 /* XPCConnectionRegistry.swift in Sources */ = {isa = PBXBuildFile; fileRef = 6E12843AEB84C3AAC4AC43AE /* XPCConnectionRegistry.swift */; };
		A9C1C3AC0E806158ADA0B002 /* ProviderDomainCoordinator.swift in Sources */ = {isa = PBXBuildFile; fileRef = 6C03083718BC75365E10EEDE /* ProviderDomainCoordinator.swift */; };
		AD3758225A4798AB564121F7 /* XPCBridge.swift in Sources */ = {isa = PBXBuildFile; fileRef = ED5439E0FF78AE3F0C78D3BA /* XPCBridge.swift */; };
		AD7C0A21C7529B322606712C /* NetFS.framework in Frameworks */ = {isa = PBXBuildFile; fileRef = 162884523BB388FF94563842 /* NetFS.framework */; };
		BF9E0DF5F25FB0046D3B3F9F /* FreeDroidProvider.appex in Embed Foundation Extensions */ = {isa = PBXBuildFile; fileRef = 081861D6A5CE52E2FDA0F2DB /* FreeDroidProvider.appex */; settings = {ATTRIBUTES = (CodeSignOnCopy, RemoveHeadersOnCopy, ); }; };
		C5C0440F02F9845FBCEF396A /* ProviderRevealer.swift in Sources */ = {isa = PBXBuildFile; fileRef = 641E2497BBB8EB3D83D903CA /* ProviderRevealer.swift */; };
		CADEE531BA6F59AC83005616 /* AppContainer.swift in Sources */ = {isa = PBXBuildFile; fileRef = 69AE9B1C3C39145FAC2C2FFC /* AppContainer.swift */; };
		CDB36E2A36790755BF68BC27 /* Sparkle in Frameworks */ = {isa = PBXBuildFile; productRef = 3F063C78AD3C30DD568982EE /* Sparkle */; };
		D2747BCB095555265F8373B5 /* AppPreferences.swift in Sources */ = {isa = PBXBuildFile; fileRef = BBFEC0E106796BC745209F73 /* AppPreferences.swift */; };
		D8A7DAB2C3C8303A6793E96D /* XPCFileServer.swift in Sources */ = {isa = PBXBuildFile; fileRef = B337F72A08ADE7E8C2C83700 /* XPCFileServer.swift */; };
/* End PBXBuildFile section */

/* Begin PBXContainerItemProxy section */
		351A3EE53B407BD66EE9F9B7 /* PBXContainerItemProxy */ = {
			isa = PBXContainerItemProxy;
			containerPortal = E8241F436FBA7013557B76DB /* Project object */;
			proxyType = 1;
			remoteGlobalIDString = C91A6206B9F72E574FE9793B;
			remoteInfo = FreeDroidProvider;
		};
/* End PBXContainerItemProxy section */

/* Begin PBXCopyFilesBuildPhase section */
		A4DEEF7711E34BD3E32445C1 /* Embed Foundation Extensions */ = {
			isa = PBXCopyFilesBuildPhase;
			buildActionMask = 2147483647;
			dstPath = "";
			dstSubfolderSpec = 13;
			files = (
				BF9E0DF5F25FB0046D3B3F9F /* FreeDroidProvider.appex in Embed Foundation Extensions */,
			);
			name = "Embed Foundation Extensions";
			runOnlyForDeploymentPostprocessing = 0;
		};
/* End PBXCopyFilesBuildPhase section */

/* Begin PBXFileReference section */
		081861D6A5CE52E2FDA0F2DB /* FreeDroidProvider.appex */ = {isa = PBXFileReference; explicitFileType = "wrapper.app-extension"; includeInIndex = 0; path = FreeDroidProvider.appex; sourceTree = BUILT_PRODUCTS_DIR; };
		162884523BB388FF94563842 /* NetFS.framework */ = {isa = PBXFileReference; lastKnownFileType = wrapper.framework; name = NetFS.framework; path = System/Library/Frameworks/NetFS.framework; sourceTree = SDKROOT; };
		3BD6795936653DA5827425B0 /* FinderRevealer.swift */ = {isa = PBXFileReference; lastKnownFileType = sourcecode.swift; path = FinderRevealer.swift; sourceTree = "<group>"; };
		4795F8F26599DDE1A0E94313 /* ContentView.swift */ = {isa = PBXFileReference; lastKnownFileType = sourcecode.swift; path = ContentView.swift; sourceTree = "<group>"; };
		5071D75D2B91AB13F51FB3A8 /* FreeDroidProvider.entitlements */ = {isa = PBXFileReference; lastKnownFileType = text.plist.entitlements; path = FreeDroidProvider.entitlements; sourceTree = "<group>"; };
		55E68DEE69A0A84E68D9FF2D /* XPCFileServerHandler.swift */ = {isa = PBXFileReference; lastKnownFileType = sourcecode.swift; path = XPCFileServerHandler.swift; sourceTree = "<group>"; };
		563F1FD007671E7BC7E2F8A5 /* FreeDroidApp.swift */ = {isa = PBXFileReference; lastKnownFileType = sourcecode.swift; path = FreeDroidApp.swift; sourceTree = "<group>"; };
		60243A85985D41334BD8D80B /* FreeDroidProviderExtension.swift */ = {isa = PBXFileReference; lastKnownFileType = sourcecode.swift; path = FreeDroidProviderExtension.swift; sourceTree = "<group>"; };
		641E2497BBB8EB3D83D903CA /* ProviderRevealer.swift */ = {isa = PBXFileReference; lastKnownFileType = sourcecode.swift; path = ProviderRevealer.swift; sourceTree = "<group>"; };
		69AE9B1C3C39145FAC2C2FFC /* AppContainer.swift */ = {isa = PBXFileReference; lastKnownFileType = sourcecode.swift; path = AppContainer.swift; sourceTree = "<group>"; };
		6C03083718BC75365E10EEDE /* ProviderDomainCoordinator.swift */ = {isa = PBXFileReference; lastKnownFileType = sourcecode.swift; path = ProviderDomainCoordinator.swift; sourceTree = "<group>"; };
		6E12843AEB84C3AAC4AC43AE /* XPCConnectionRegistry.swift */ = {isa = PBXFileReference; lastKnownFileType = sourcecode.swift; path = XPCConnectionRegistry.swift; sourceTree = "<group>"; };
		87654EBB44042B57FF16392B /* Info.plist */ = {isa = PBXFileReference; lastKnownFileType = text.plist; path = Info.plist; sourceTree = "<group>"; };
		8CCB5D6C6434BC4D0DAF2CAA /* Info.plist */ = {isa = PBXFileReference; lastKnownFileType = text.plist; path = Info.plist; sourceTree = "<group>"; };
		90000A645CC050F3EA5A5423 /* SystemSettingsLauncher.swift */ = {isa = PBXFileReference; lastKnownFileType = sourcecode.swift; path = SystemSettingsLauncher.swift; sourceTree = "<group>"; };
		A15915AB57BB54D1BB62C7AB /* SettingsView.swift */ = {isa = PBXFileReference; lastKnownFileType = sourcecode.swift; path = SettingsView.swift; sourceTree = "<group>"; };
		A6A644786225C9D7F2AC18BB /* FolderEnumerator.swift */ = {isa = PBXFileReference; lastKnownFileType = sourcecode.swift; path = FolderEnumerator.swift; sourceTree = "<group>"; };
		B337F72A08ADE7E8C2C83700 /* XPCFileServer.swift */ = {isa = PBXFileReference; lastKnownFileType = sourcecode.swift; path = XPCFileServer.swift; sourceTree = "<group>"; };
		BBFEC0E106796BC745209F73 /* AppPreferences.swift */ = {isa = PBXFileReference; lastKnownFileType = sourcecode.swift; path = AppPreferences.swift; sourceTree = "<group>"; };
		C70708F3899D9DD04979DE3C /* FreeDroid.entitlements */ = {isa = PBXFileReference; lastKnownFileType = text.plist.entitlements; path = FreeDroid.entitlements; sourceTree = "<group>"; };
		E237E2C482ED6F959CEFC98B /* FreeDroid.app */ = {isa = PBXFileReference; explicitFileType = wrapper.application; includeInIndex = 0; path = FreeDroid.app; sourceTree = BUILT_PRODUCTS_DIR; };
		E2B21BA991C5883C22B23076 /* Local.xcconfig */ = {isa = PBXFileReference; lastKnownFileType = text.xcconfig; path = Local.xcconfig; sourceTree = "<group>"; };
		ED5439E0FF78AE3F0C78D3BA /* XPCBridge.swift */ = {isa = PBXFileReference; lastKnownFileType = sourcecode.swift; path = XPCBridge.swift; sourceTree = "<group>"; };
		F68C86B168910F46DA6CB9E1 /* FreeDroid */ = {isa = PBXFileReference; lastKnownFileType = folder; name = FreeDroid; path = .; sourceTree = SOURCE_ROOT; };
/* End PBXFileReference section */

/* Begin PBXFrameworksBuildPhase section */
		082C5ADF3A3E18B7100DABD6 /* Frameworks */ = {
			isa = PBXFrameworksBuildPhase;
			buildActionMask = 2147483647;
			files = (
				1A4E6C644B4E039B72DC8D21 /* FreeDroidDomain in Frameworks */,
				5B90DC5C67360A0823149427 /* FreeDroidUI in Frameworks */,
				198FBB122A099C121E1D6676 /* FreeDroidData in Frameworks */,
				16F384659C22BBD6C13410C1 /* FreeDroidIPC in Frameworks */,
				622A4AD264A2354B10D4031F /* DeviceManagement in Frameworks */,
				322226196FA96D8DA7A38633 /* FileBrowser in Frameworks */,
				571A2059EF9FDE8A649743FD /* Gallery in Frameworks */,
				3642D7F759D3E49B1389B305 /* Transfer in Frameworks */,
				CDB36E2A36790755BF68BC27 /* Sparkle in Frameworks */,
				AD7C0A21C7529B322606712C /* NetFS.framework in Frameworks */,
			);
			runOnlyForDeploymentPostprocessing = 0;
		};
		947292E88A3EAD74906B3C74 /* Frameworks */ = {
			isa = PBXFrameworksBuildPhase;
			buildActionMask = 2147483647;
			files = (
				96FFA2678FD6B93031A99491 /* FreeDroidProviderShared in Frameworks */,
			);
			runOnlyForDeploymentPostprocessing = 0;
		};
/* End PBXFrameworksBuildPhase section */

/* Begin PBXGroup section */
		27C6E4C9ACB16100EBF7063A /* IPC */ = {
			isa = PBXGroup;
			children = (
				6E12843AEB84C3AAC4AC43AE /* XPCConnectionRegistry.swift */,
				B337F72A08ADE7E8C2C83700 /* XPCFileServer.swift */,
				55E68DEE69A0A84E68D9FF2D /* XPCFileServerHandler.swift */,
			);
			path = IPC;
			sourceTree = "<group>";
		};
		3ACEB53CC4F112D8594BD3EE /* Provider */ = {
			isa = PBXGroup;
			children = (
				6C03083718BC75365E10EEDE /* ProviderDomainCoordinator.swift */,
				641E2497BBB8EB3D83D903CA /* ProviderRevealer.swift */,
			);
			path = Provider;
			sourceTree = "<group>";
		};
		4E526C697C6BF56EE78EC22F /* Packages */ = {
			isa = PBXGroup;
			children = (
				F68C86B168910F46DA6CB9E1 /* FreeDroid */,
			);
			name = Packages;
			sourceTree = "<group>";
		};
		7DD700E65F565AA902A01DE6 = {
			isa = PBXGroup;
			children = (
				E0110AE78FB273A8ED371319 /* Configs */,
				87F564D08078CE49BDD92B2F /* FreeDroid */,
				9DEA7505645882CF71E6C48B /* FreeDroidProvider */,
				4E526C697C6BF56EE78EC22F /* Packages */,
				C2F7BA75C15244C4961DD29C /* Frameworks */,
				A34E4A2A01578EF3CA658938 /* Products */,
			);
			sourceTree = "<group>";
		};
		87F564D08078CE49BDD92B2F /* FreeDroid */ = {
			isa = PBXGroup;
			children = (
				27C6E4C9ACB16100EBF7063A /* IPC */,
				3ACEB53CC4F112D8594BD3EE /* Provider */,
				DA10B5DDA2F7090F189EF911 /* Settings */,
				98E96432ED2DC45D1913402C /* UI */,
				69AE9B1C3C39145FAC2C2FFC /* AppContainer.swift */,
				4795F8F26599DDE1A0E94313 /* ContentView.swift */,
				C70708F3899D9DD04979DE3C /* FreeDroid.entitlements */,
				563F1FD007671E7BC7E2F8A5 /* FreeDroidApp.swift */,
				87654EBB44042B57FF16392B /* Info.plist */,
			);
			path = FreeDroid;
			sourceTree = "<group>";
		};
		98E96432ED2DC45D1913402C /* UI */ = {
			isa = PBXGroup;
			children = (
				3BD6795936653DA5827425B0 /* FinderRevealer.swift */,
				90000A645CC050F3EA5A5423 /* SystemSettingsLauncher.swift */,
			);
			path = UI;
			sourceTree = "<group>";
		};
		9DEA7505645882CF71E6C48B /* FreeDroidProvider */ = {
			isa = PBXGroup;
			children = (
				A6A644786225C9D7F2AC18BB /* FolderEnumerator.swift */,
				5071D75D2B91AB13F51FB3A8 /* FreeDroidProvider.entitlements */,
				60243A85985D41334BD8D80B /* FreeDroidProviderExtension.swift */,
				8CCB5D6C6434BC4D0DAF2CAA /* Info.plist */,
				ED5439E0FF78AE3F0C78D3BA /* XPCBridge.swift */,
			);
			path = FreeDroidProvider;
			sourceTree = "<group>";
		};
		A34E4A2A01578EF3CA658938 /* Products */ = {
			isa = PBXGroup;
			children = (
				E237E2C482ED6F959CEFC98B /* FreeDroid.app */,
				081861D6A5CE52E2FDA0F2DB /* FreeDroidProvider.appex */,
			);
			name = Products;
			sourceTree = "<group>";
		};
		C2F7BA75C15244C4961DD29C /* Frameworks */ = {
			isa = PBXGroup;
			children = (
				162884523BB388FF94563842 /* NetFS.framework */,
			);
			name = Frameworks;
			sourceTree = "<group>";
		};
		DA10B5DDA2F7090F189EF911 /* Settings */ = {
			isa = PBXGroup;
			children = (
				BBFEC0E106796BC745209F73 /* AppPreferences.swift */,
				A15915AB57BB54D1BB62C7AB /* SettingsView.swift */,
			);
			path = Settings;
			sourceTree = "<group>";
		};
		E0110AE78FB273A8ED371319 /* Configs */ = {
			isa = PBXGroup;
			children = (
				E2B21BA991C5883C22B23076 /* Local.xcconfig */,
			);
			path = Configs;
			sourceTree = "<group>";
		};
/* End PBXGroup section */

/* Begin PBXNativeTarget section */
		0F2D4783CE4520BC8446FBC5 /* FreeDroid */ = {
			isa = PBXNativeTarget;
			buildConfigurationList = 6F3E84D5F3043B6DCF0C1198 /* Build configuration list for PBXNativeTarget "FreeDroid" */;
			buildPhases = (
				FD8D16C1A5CFDA6CF645C7C8 /* Sources */,
				082C5ADF3A3E18B7100DABD6 /* Frameworks */,
				A4DEEF7711E34BD3E32445C1 /* Embed Foundation Extensions */,
			);
			buildRules = (
			);
			dependencies = (
				68A8EC92CFC0E3FA235658AC /* PBXTargetDependency */,
			);
			name = FreeDroid;
			packageProductDependencies = (
				C450EFCB07619067F9DD1302 /* FreeDroidDomain */,
				AAD96F97F35314685AA84700 /* FreeDroidUI */,
				08AE4C48FD3CEEAABD76116C /* FreeDroidData */,
				1A16527D7EDA256F7B079203 /* FreeDroidIPC */,
				9CF0383DEAADEF9011398D98 /* DeviceManagement */,
				6416C4292B8B9A891E95320F /* FileBrowser */,
				594B36AD92E2239E5EE68DE7 /* Gallery */,
				CBDC59F94B320EDB2516806E /* Transfer */,
				3F063C78AD3C30DD568982EE /* Sparkle */,
			);
			productName = FreeDroid;
			productReference = E237E2C482ED6F959CEFC98B /* FreeDroid.app */;
			productType = "com.apple.product-type.application";
		};
		C91A6206B9F72E574FE9793B /* FreeDroidProvider */ = {
			isa = PBXNativeTarget;
			buildConfigurationList = D759838E2FB5582354E9A1F8 /* Build configuration list for PBXNativeTarget "FreeDroidProvider" */;
			buildPhases = (
				26EEDE45862D1CC9F8954D7F /* Sources */,
				947292E88A3EAD74906B3C74 /* Frameworks */,
			);
			buildRules = (
			);
			dependencies = (
			);
			name = FreeDroidProvider;
			packageProductDependencies = (
				178E5F95ADB92A55DBB8ECD0 /* FreeDroidProviderShared */,
			);
			productName = FreeDroidProvider;
			productReference = 081861D6A5CE52E2FDA0F2DB /* FreeDroidProvider.appex */;
			productType = "com.apple.product-type.app-extension";
		};
/* End PBXNativeTarget section */

/* Begin PBXProject section */
		E8241F436FBA7013557B76DB /* Project object */ = {
			isa = PBXProject;
			attributes = {
				BuildIndependentTargetsInParallel = YES;
				LastUpgradeCheck = 1430;
				TargetAttributes = {
					0F2D4783CE4520BC8446FBC5 = {
						DevelopmentTeam = P47X2292CM;
						ProvisioningStyle = Automatic;
					};
					C91A6206B9F72E574FE9793B = {
						DevelopmentTeam = P47X2292CM;
						ProvisioningStyle = Automatic;
					};
				};
			};
			buildConfigurationList = B5958C43A892789A2DA5A2E5 /* Build configuration list for PBXProject "FreeDroid" */;
			developmentRegion = en;
			hasScannedForEncodings = 0;
			knownRegions = (
				Base,
				en,
			);
			mainGroup = 7DD700E65F565AA902A01DE6;
			minimizedProjectReferenceProxies = 1;
			packageReferences = (
				35E3BA0F5D81A5E4A37E385D /* XCRemoteSwiftPackageReference "Sparkle" */,
				D93D988E6E73A87DF4DC1B22 /* XCLocalSwiftPackageReference "." */,
			);
			preferredProjectObjectVersion = 77;
			productRefGroup = A34E4A2A01578EF3CA658938 /* Products */;
			projectDirPath = "";
			projectRoot = "";
			targets = (
				0F2D4783CE4520BC8446FBC5 /* FreeDroid */,
				C91A6206B9F72E574FE9793B /* FreeDroidProvider */,
			);
		};
/* End PBXProject section */

/* Begin PBXSourcesBuildPhase section */
		26EEDE45862D1CC9F8954D7F /* Sources */ = {
			isa = PBXSourcesBuildPhase;
			buildActionMask = 2147483647;
			files = (
				3278C3198C53F58DFACC10D6 /* FolderEnumerator.swift in Sources */,
				477BD63C6959BFA726BBD190 /* FreeDroidProviderExtension.swift in Sources */,
				AD3758225A4798AB564121F7 /* XPCBridge.swift in Sources */,
			);
			runOnlyForDeploymentPostprocessing = 0;
		};
		FD8D16C1A5CFDA6CF645C7C8 /* Sources */ = {
			isa = PBXSourcesBuildPhase;
			buildActionMask = 2147483647;
			files = (
				CADEE531BA6F59AC83005616 /* AppContainer.swift in Sources */,
				D2747BCB095555265F8373B5 /* AppPreferences.swift in Sources */,
				2EBD1E01C9E2EAC77E93623E /* ContentView.swift in Sources */,
				4ED5736673B2DCFAD20173F2 /* FinderRevealer.swift in Sources */,
				85DCC9E33545606122739AB2 /* FreeDroidApp.swift in Sources */,
				A9C1C3AC0E806158ADA0B002 /* ProviderDomainCoordinator.swift in Sources */,
				C5C0440F02F9845FBCEF396A /* ProviderRevealer.swift in Sources */,
				66E51F384FC71689F16EC52B /* SettingsView.swift in Sources */,
				09D79D5B6BA78A432B67B8EE /* SystemSettingsLauncher.swift in Sources */,
				A4B96B2AF74234A032AC8376 /* XPCConnectionRegistry.swift in Sources */,
				D8A7DAB2C3C8303A6793E96D /* XPCFileServer.swift in Sources */,
				2685A487F8A6CEE7CC1BECF5 /* XPCFileServerHandler.swift in Sources */,
			);
			runOnlyForDeploymentPostprocessing = 0;
		};
/* End PBXSourcesBuildPhase section */

/* Begin PBXTargetDependency section */
		68A8EC92CFC0E3FA235658AC /* PBXTargetDependency */ = {
			isa = PBXTargetDependency;
			target = C91A6206B9F72E574FE9793B /* FreeDroidProvider */;
			targetProxy = 351A3EE53B407BD66EE9F9B7 /* PBXContainerItemProxy */;
		};
/* End PBXTargetDependency section */

/* Begin XCBuildConfiguration section */
		4853675775C57010CEE9620E /* Debug */ = {
			isa = XCBuildConfiguration;
			baseConfigurationReference = E2B21BA991C5883C22B23076 /* Local.xcconfig */;
			buildSettings = {
				CODE_SIGN_ENTITLEMENTS = FreeDroidProvider/FreeDroidProvider.entitlements;
				CODE_SIGN_IDENTITY = "Apple Development";
				CODE_SIGN_STYLE = Automatic;
				COMBINE_HIDPI_IMAGES = YES;
				ENABLE_HARDENED_RUNTIME = YES;
				INFOPLIST_FILE = FreeDroidProvider/Info.plist;
				LD_RUNPATH_SEARCH_PATHS = (
					"$(inherited)",
					"@executable_path/../Frameworks",
					"@executable_path/../../../../Frameworks",
				);
				MACOSX_DEPLOYMENT_TARGET = 15.4;
				PRODUCT_BUNDLE_IDENTIFIER = com.merkost.freedroid.FreeDroidProvider;
				PRODUCT_NAME = FreeDroidProvider;
				SDKROOT = macosx;
				SKIP_INSTALL = YES;
				SWIFT_STRICT_CONCURRENCY = complete;
				SWIFT_VERSION = 6.0;
			};
			name = Debug;
		};
		61E8F2274B2DFDE6BDDC43F9 /* Debug */ = {
			isa = XCBuildConfiguration;
			baseConfigurationReference = E2B21BA991C5883C22B23076 /* Local.xcconfig */;
			buildSettings = {
				ASSETCATALOG_COMPILER_APPICON_NAME = AppIcon;
				CODE_SIGN_ENTITLEMENTS = FreeDroid/FreeDroid.entitlements;
				CODE_SIGN_IDENTITY = "Apple Development";
				CODE_SIGN_STYLE = Automatic;
				COMBINE_HIDPI_IMAGES = YES;
				CURRENT_PROJECT_VERSION = 1;
				ENABLE_HARDENED_RUNTIME = YES;
				INFOPLIST_FILE = FreeDroid/Info.plist;
				LD_RUNPATH_SEARCH_PATHS = "$(inherited) @executable_path/../Frameworks";
				MACOSX_DEPLOYMENT_TARGET = 15.4;
				MARKETING_VERSION = 0.0.1;
				PRODUCT_BUNDLE_IDENTIFIER = com.merkost.freedroid;
				SDKROOT = macosx;
				SWIFT_STRICT_CONCURRENCY = complete;
				SWIFT_VERSION = 6.0;
			};
			name = Debug;
		};
		A077BE28F83FB359CE0D612F /* Release */ = {
			isa = XCBuildConfiguration;
			baseConfigurationReference = E2B21BA991C5883C22B23076 /* Local.xcconfig */;
			buildSettings = {
				ASSETCATALOG_COMPILER_APPICON_NAME = AppIcon;
				CODE_SIGN_ENTITLEMENTS = FreeDroid/FreeDroid.entitlements;
				CODE_SIGN_IDENTITY = "Apple Development";
				CODE_SIGN_STYLE = Automatic;
				COMBINE_HIDPI_IMAGES = YES;
				CURRENT_PROJECT_VERSION = 1;
				ENABLE_HARDENED_RUNTIME = YES;
				INFOPLIST_FILE = FreeDroid/Info.plist;
				LD_RUNPATH_SEARCH_PATHS = "$(inherited) @executable_path/../Frameworks";
				MACOSX_DEPLOYMENT_TARGET = 15.4;
				MARKETING_VERSION = 0.0.1;
				PRODUCT_BUNDLE_IDENTIFIER = com.merkost.freedroid;
				SDKROOT = macosx;
				SWIFT_STRICT_CONCURRENCY = complete;
				SWIFT_VERSION = 6.0;
			};
			name = Release;
		};
		D8C622E42DA19CC121EA3F87 /* Release */ = {
			isa = XCBuildConfiguration;
			buildSettings = {
				ALWAYS_SEARCH_USER_PATHS = NO;
				CLANG_ANALYZER_NONNULL = YES;
				CLANG_ANALYZER_NUMBER_OBJECT_CONVERSION = YES_AGGRESSIVE;
				CLANG_CXX_LANGUAGE_STANDARD = "gnu++14";
				CLANG_CXX_LIBRARY = "libc++";
				CLANG_ENABLE_MODULES = YES;
				CLANG_ENABLE_OBJC_ARC = YES;
				CLANG_ENABLE_OBJC_WEAK = YES;
				CLANG_WARN_BLOCK_CAPTURE_AUTORELEASING = YES;
				CLANG_WARN_BOOL_CONVERSION = YES;
				CLANG_WARN_COMMA = YES;
				CLANG_WARN_CONSTANT_CONVERSION = YES;
				CLANG_WARN_DEPRECATED_OBJC_IMPLEMENTATIONS = YES;
				CLANG_WARN_DIRECT_OBJC_ISA_USAGE = YES_ERROR;
				CLANG_WARN_DOCUMENTATION_COMMENTS = YES;
				CLANG_WARN_EMPTY_BODY = YES;
				CLANG_WARN_ENUM_CONVERSION = YES;
				CLANG_WARN_INFINITE_RECURSION = YES;
				CLANG_WARN_INT_CONVERSION = YES;
				CLANG_WARN_NON_LITERAL_NULL_CONVERSION = YES;
				CLANG_WARN_OBJC_IMPLICIT_RETAIN_SELF = YES;
				CLANG_WARN_OBJC_LITERAL_CONVERSION = YES;
				CLANG_WARN_OBJC_ROOT_CLASS = YES_ERROR;
				CLANG_WARN_QUOTED_INCLUDE_IN_FRAMEWORK_HEADER = YES;
				CLANG_WARN_RANGE_LOOP_ANALYSIS = YES;
				CLANG_WARN_STRICT_PROTOTYPES = YES;
				CLANG_WARN_SUSPICIOUS_MOVE = YES;
				CLANG_WARN_UNGUARDED_AVAILABILITY = YES_AGGRESSIVE;
				CLANG_WARN_UNREACHABLE_CODE = YES;
				CLANG_WARN__DUPLICATE_METHOD_MATCH = YES;
				COPY_PHASE_STRIP = NO;
				DEBUG_INFORMATION_FORMAT = "dwarf-with-dsym";
				ENABLE_NS_ASSERTIONS = NO;
				ENABLE_STRICT_OBJC_MSGSEND = YES;
				ENABLE_USER_SCRIPT_SANDBOXING = NO;
				GCC_C_LANGUAGE_STANDARD = gnu11;
				GCC_NO_COMMON_BLOCKS = YES;
				GCC_WARN_64_TO_32_BIT_CONVERSION = YES;
				GCC_WARN_ABOUT_RETURN_TYPE = YES_ERROR;
				GCC_WARN_UNDECLARED_SELECTOR = YES;
				GCC_WARN_UNINITIALIZED_AUTOS = YES_AGGRESSIVE;
				GCC_WARN_UNUSED_FUNCTION = YES;
				GCC_WARN_UNUSED_VARIABLE = YES;
				GENERATE_INFOPLIST_FILE = NO;
				MACOSX_DEPLOYMENT_TARGET = 15.4;
				MTL_ENABLE_DEBUG_INFO = NO;
				MTL_FAST_MATH = YES;
				PRODUCT_NAME = "$(TARGET_NAME)";
				SDKROOT = macosx;
				SWIFT_COMPILATION_MODE = wholemodule;
				SWIFT_OPTIMIZATION_LEVEL = "-O";
				SWIFT_STRICT_CONCURRENCY = complete;
				SWIFT_VERSION = 6.0;
			};
			name = Release;
		};
		F59CAF4DE11045F51C94F9A2 /* Debug */ = {
			isa = XCBuildConfiguration;
			buildSettings = {
				ALWAYS_SEARCH_USER_PATHS = NO;
				CLANG_ANALYZER_NONNULL = YES;
				CLANG_ANALYZER_NUMBER_OBJECT_CONVERSION = YES_AGGRESSIVE;
				CLANG_CXX_LANGUAGE_STANDARD = "gnu++14";
				CLANG_CXX_LIBRARY = "libc++";
				CLANG_ENABLE_MODULES = YES;
				CLANG_ENABLE_OBJC_ARC = YES;
				CLANG_ENABLE_OBJC_WEAK = YES;
				CLANG_WARN_BLOCK_CAPTURE_AUTORELEASING = YES;
				CLANG_WARN_BOOL_CONVERSION = YES;
				CLANG_WARN_COMMA = YES;
				CLANG_WARN_CONSTANT_CONVERSION = YES;
				CLANG_WARN_DEPRECATED_OBJC_IMPLEMENTATIONS = YES;
				CLANG_WARN_DIRECT_OBJC_ISA_USAGE = YES_ERROR;
				CLANG_WARN_DOCUMENTATION_COMMENTS = YES;
				CLANG_WARN_EMPTY_BODY = YES;
				CLANG_WARN_ENUM_CONVERSION = YES;
				CLANG_WARN_INFINITE_RECURSION = YES;
				CLANG_WARN_INT_CONVERSION = YES;
				CLANG_WARN_NON_LITERAL_NULL_CONVERSION = YES;
				CLANG_WARN_OBJC_IMPLICIT_RETAIN_SELF = YES;
				CLANG_WARN_OBJC_LITERAL_CONVERSION = YES;
				CLANG_WARN_OBJC_ROOT_CLASS = YES_ERROR;
				CLANG_WARN_QUOTED_INCLUDE_IN_FRAMEWORK_HEADER = YES;
				CLANG_WARN_RANGE_LOOP_ANALYSIS = YES;
				CLANG_WARN_STRICT_PROTOTYPES = YES;
				CLANG_WARN_SUSPICIOUS_MOVE = YES;
				CLANG_WARN_UNGUARDED_AVAILABILITY = YES_AGGRESSIVE;
				CLANG_WARN_UNREACHABLE_CODE = YES;
				CLANG_WARN__DUPLICATE_METHOD_MATCH = YES;
				COPY_PHASE_STRIP = NO;
				DEBUG_INFORMATION_FORMAT = dwarf;
				ENABLE_STRICT_OBJC_MSGSEND = YES;
				ENABLE_TESTABILITY = YES;
				ENABLE_USER_SCRIPT_SANDBOXING = NO;
				GCC_C_LANGUAGE_STANDARD = gnu11;
				GCC_DYNAMIC_NO_PIC = NO;
				GCC_NO_COMMON_BLOCKS = YES;
				GCC_OPTIMIZATION_LEVEL = 0;
				GCC_PREPROCESSOR_DEFINITIONS = (
					"$(inherited)",
					"DEBUG=1",
				);
				GCC_WARN_64_TO_32_BIT_CONVERSION = YES;
				GCC_WARN_ABOUT_RETURN_TYPE = YES_ERROR;
				GCC_WARN_UNDECLARED_SELECTOR = YES;
				GCC_WARN_UNINITIALIZED_AUTOS = YES_AGGRESSIVE;
				GCC_WARN_UNUSED_FUNCTION = YES;
				GCC_WARN_UNUSED_VARIABLE = YES;
				GENERATE_INFOPLIST_FILE = NO;
				MACOSX_DEPLOYMENT_TARGET = 15.4;
				MTL_ENABLE_DEBUG_INFO = INCLUDE_SOURCE;
				MTL_FAST_MATH = YES;
				ONLY_ACTIVE_ARCH = YES;
				PRODUCT_NAME = "$(TARGET_NAME)";
				SDKROOT = macosx;
				SWIFT_ACTIVE_COMPILATION_CONDITIONS = DEBUG;
				SWIFT_OPTIMIZATION_LEVEL = "-Onone";
				SWIFT_STRICT_CONCURRENCY = complete;
				SWIFT_VERSION = 6.0;
			};
			name = Debug;
		};
		F8F507DFC3486F83717EB19C /* Release */ = {
			isa = XCBuildConfiguration;
			baseConfigurationReference = E2B21BA991C5883C22B23076 /* Local.xcconfig */;
			buildSettings = {
				CODE_SIGN_ENTITLEMENTS = FreeDroidProvider/FreeDroidProvider.entitlements;
				CODE_SIGN_IDENTITY = "Apple Development";
				CODE_SIGN_STYLE = Automatic;
				COMBINE_HIDPI_IMAGES = YES;
				ENABLE_HARDENED_RUNTIME = YES;
				INFOPLIST_FILE = FreeDroidProvider/Info.plist;
				LD_RUNPATH_SEARCH_PATHS = (
					"$(inherited)",
					"@executable_path/../Frameworks",
					"@executable_path/../../../../Frameworks",
				);
				MACOSX_DEPLOYMENT_TARGET = 15.4;
				PRODUCT_BUNDLE_IDENTIFIER = com.merkost.freedroid.FreeDroidProvider;
				PRODUCT_NAME = FreeDroidProvider;
				SDKROOT = macosx;
				SKIP_INSTALL = YES;
				SWIFT_STRICT_CONCURRENCY = complete;
				SWIFT_VERSION = 6.0;
			};
			name = Release;
		};
/* End XCBuildConfiguration section */

/* Begin XCConfigurationList section */
		6F3E84D5F3043B6DCF0C1198 /* Build configuration list for PBXNativeTarget "FreeDroid" */ = {
			isa = XCConfigurationList;
			buildConfigurations = (
				61E8F2274B2DFDE6BDDC43F9 /* Debug */,
				A077BE28F83FB359CE0D612F /* Release */,
			);
			defaultConfigurationIsVisible = 0;
			defaultConfigurationName = Debug;
		};
		B5958C43A892789A2DA5A2E5 /* Build configuration list for PBXProject "FreeDroid" */ = {
			isa = XCConfigurationList;
			buildConfigurations = (
				F59CAF4DE11045F51C94F9A2 /* Debug */,
				D8C622E42DA19CC121EA3F87 /* Release */,
			);
			defaultConfigurationIsVisible = 0;
			defaultConfigurationName = Debug;
		};
		D759838E2FB5582354E9A1F8 /* Build configuration list for PBXNativeTarget "FreeDroidProvider" */ = {
			isa = XCConfigurationList;
			buildConfigurations = (
				4853675775C57010CEE9620E /* Debug */,
				F8F507DFC3486F83717EB19C /* Release */,
			);
			defaultConfigurationIsVisible = 0;
			defaultConfigurationName = Debug;
		};
/* End XCConfigurationList section */

/* Begin XCLocalSwiftPackageReference section */
		D93D988E6E73A87DF4DC1B22 /* XCLocalSwiftPackageReference "." */ = {
			isa = XCLocalSwiftPackageReference;
			relativePath = .;
		};
/* End XCLocalSwiftPackageReference section */

/* Begin XCRemoteSwiftPackageReference section */
		35E3BA0F5D81A5E4A37E385D /* XCRemoteSwiftPackageReference "Sparkle" */ = {
			isa = XCRemoteSwiftPackageReference;
			repositoryURL = "https://github.com/sparkle-project/Sparkle";
			requirement = {
				kind = upToNextMajorVersion;
				minimumVersion = 2.6.0;
			};
		};
/* End XCRemoteSwiftPackageReference section */

/* Begin XCSwiftPackageProductDependency section */
		08AE4C48FD3CEEAABD76116C /* FreeDroidData */ = {
			isa = XCSwiftPackageProductDependency;
			productName = FreeDroidData;
		};
		178E5F95ADB92A55DBB8ECD0 /* FreeDroidProviderShared */ = {
			isa = XCSwiftPackageProductDependency;
			productName = FreeDroidProviderShared;
		};
		1A16527D7EDA256F7B079203 /* FreeDroidIPC */ = {
			isa = XCSwiftPackageProductDependency;
			productName = FreeDroidIPC;
		};
		3F063C78AD3C30DD568982EE /* Sparkle */ = {
			isa = XCSwiftPackageProductDependency;
			package = 35E3BA0F5D81A5E4A37E385D /* XCRemoteSwiftPackageReference "Sparkle" */;
			productName = Sparkle;
		};
		594B36AD92E2239E5EE68DE7 /* Gallery */ = {
			isa = XCSwiftPackageProductDependency;
			productName = Gallery;
		};
		6416C4292B8B9A891E95320F /* FileBrowser */ = {
			isa = XCSwiftPackageProductDependency;
			productName = FileBrowser;
		};
		9CF0383DEAADEF9011398D98 /* DeviceManagement */ = {
			isa = XCSwiftPackageProductDependency;
			productName = DeviceManagement;
		};
		AAD96F97F35314685AA84700 /* FreeDroidUI */ = {
			isa = XCSwiftPackageProductDependency;
			productName = FreeDroidUI;
		};
		C450EFCB07619067F9DD1302 /* FreeDroidDomain */ = {
			isa = XCSwiftPackageProductDependency;
			productName = FreeDroidDomain;
		};
		CBDC59F94B320EDB2516806E /* Transfer */ = {
			isa = XCSwiftPackageProductDependency;
			productName = Transfer;
		};
/* End XCSwiftPackageProductDependency section */
	};
	rootObject = E8241F436FBA7013557B76DB /* Project object */;
}
